github.com/a-heydari/goutils v0.0.0-20210312193125-8be61902cf45 h1:jF6h8ZA2endfGoFfLOeB7cgqq7/bOfYSiig0jCgRA24=
github.com/a-heydari/goutils v0.0.0-20210312193125-8be61902cf45/go.mod h1:gjEanImTc5ebJZR5A9n2s4hFAMCObMIZCoM1xfgr2rI=
github.com/a-heydari/goutils v0.0.0-20210312195916-a2edfedf4e93 h1:2ang5hW7T5PlOXSHK0X85hTfcSADKKlJSzG1cpwCeLs=
github.com/a-heydari/goutils v0.0.0-20210312195916-a2edfedf4e93/go.mod h1:gjEanImTc5ebJZR5A9n2s4hFAMCObMIZCoM1xfgr2rI=
github.com/a-heydari/goutils v0.0.2 h1:/d2dedkDq4jQieluSnfVTaIOkIOJD3UjRBrRu8+U5TY=
github.com/a-heydari/goutils v0.0.2/go.mod h1:gjEanImTc5ebJZR5A9n2s4hFAMCObMIZCoM1xfgr2rI=
github.com/a-heydari/goutils v1.0.0 h1:gN0Gdm/YsDASwIYopEUivaYMvv+GbgZXHZdN2P3aCuA=
github.com/a-heydari/goutils v1.0.0/go.mod h1:gjEanImTc5ebJZR5A9n2s4hFAMCObMIZCoM1xfgr2rI=
github.com/a-heydari/goutils v1.0.4 h1:zybIGlIW0fjDszW85lBBEifOIpArWc8ftECryPOl1J0=
github.com/a-heydari/goutils v1.0.4/go.mod h1:gjEanImTc5ebJZR5A9n2s4hFAMCObMIZCoM1xfgr2rI=
